Microsoft Visual Studio Solution File, Format Version 12.00
# Visual Studio Version 17
VisualStudioVersion = 17.0.31903.59
MinimumVisualStudioVersion = 10.0.40219.1
Project("{FAE04EC0-301F-11D3-BF4B-00C04F79EFBC}") = "ScanBridge", "src\ScanBridge\ScanBridge.csproj", "{0F8C61B2-4E6A-4B6E-9B8A-1D2E3F4A5B6C}"
EndProject
Project("{FAE04EC0-301F-11D3-BF4B-00C04F79EFBC}") = "ScanBridge.Tests", "tests\ScanBridge.Tests\ScanBridge.Tests.csproj", "{7A1B2C3D-4E5F-6071-8293-A4B5C6D7E8F9}"
EndProject
Global
	GlobalSection(SolutionConfigurationPlatforms) = preSolution
		Debug|Any CPU = Debug|Any CPU
		Release|Any CPU = Release|Any CPU
	EndGlobalSection
	GlobalSection(ProjectConfigurationPlatforms) = postSolution
		{0F8C61B2-4E6A-4B6E-9B8A-1D2E3F4A5B6C}.Debug|Any CPU.ActiveCfg = Debug|Any CPU
		{0F8C61B2-4E6A-4B6E-9B8A-1D2E3F4A5B6C}.Debug|Any CPU.Build.0 = Debug|Any CPU
		{0F8C61B2-4E6A-4B6E-9B8A-1D2E3F4A5B6C}.Release|Any CPU.ActiveCfg = Release|Any CPU
		{0F8C61B2-4E6A-4B6E-9B8A-1D2E3F4A5B6C}.Release|Any CPU.Build.0 = Release|Any CPU
		{7A1B2C3D-4E5F-6071-8293-A4B5C6D7E8F9}.Debug|Any CPU.ActiveCfg = Debug|Any CPU
		{7A1B2C3D-4E5F-6071-8293-A4B5C6D7E8F9}.Debug|Any CPU.Build.0 = Debug|Any CPU
		{7A1B2C3D-4E5F-6071-8293-A4B5C6D7E8F9}.Release|Any CPU.ActiveCfg = Release|Any CPU
		{7A1B2C3D-4E5F-6071-8293-A4B5C6D7E8F9}.Release|Any CPU.Build.0 = Release|Any CPU
	EndGlobalSection
	GlobalSection(SolutionProperties) = preSolution
		HideSolutionNode = FALSE
	EndGlobalSection
EndGlobal
